// !$*UTF8*$!
{
	archiveVersion = 1;
	classes = {
	};
	objectVersion = 46;
	objects = {

/* Begin PBXBuildFile section */
		15A3DA6A1682F886002FB0C5 /* libcocos2dx.a in Frameworks */ = {isa = PBXBuildFile; fileRef = 15A3D8861682F7B3002FB0C5 /* libcocos2dx.a */; };
		15A3DAEB1682F8A6002FB0C5 /* CDAudioManager.m in Sources */ = {isa = PBXBuildFile; fileRef = 15A3DA861682F8A6002FB0C5 /* CDAudioManager.m */; };
		15A3DAEC1682F8A6002FB0C5 /* CDOpenALSupport.m in Sources */ = {isa = PBXBuildFile; fileRef = 15A3DA891682F8A6002FB0C5 /* CDOpenALSupport.m */; };
		15A3DAED1682F8A6002FB0C5 /* CocosDenshion.m in Sources */ = {isa = PBXBuildFile; fileRef = 15A3DA8B1682F8A6002FB0C5 /* CocosDenshion.m */; };
		15A3DAEE1682F8A6002FB0C5 /* SimpleAudioEngine.mm in Sources */ = {isa = PBXBuildFile; fileRef = 15A3DA8C1682F8A6002FB0C5 /* SimpleAudioEngine.mm */; };
		15A3DAEF1682F8A6002FB0C5 /* SimpleAudioEngine_objc.m in Sources */ = {isa = PBXBuildFile; fileRef = 15A3DA8E1682F8A6002FB0C5 /* SimpleAudioEngine_objc.m */; };
		1AC3624916D4A1E8000847F2 /* AppController.mm in Sources */ = {isa = PBXBuildFile; fileRef = 1AC3624316D4A1E8000847F2 /* AppController.mm */; };
		1AC3624B16D4A1E8000847F2 /* main.m in Sources */ = {isa = PBXBuildFile; fileRef = 1AC3624516D4A1E8000847F2 /* main.m */; };
		1AFAF8B716D35DE700DB1158 /* AppDelegate.cpp in Sources */ = {isa = PBXBuildFile; fileRef = 1AFAF8B316D35DE700DB1158 /* AppDelegate.cpp */; };
		1AFAF8BC16D35E4900DB1158 /* CloseNormal.png in Resources */ = {isa = PBXBuildFile; fileRef = 1AFAF8B916D35E4900DB1158 /* CloseNormal.png */; };
		1AFAF8BD16D35E4900DB1158 /* CloseSelected.png in Resources */ = {isa = PBXBuildFile; fileRef = 1AFAF8BA16D35E4900DB1158 /* CloseSelected.png */; };
		1AFAF8BE16D35E4900DB1158 /* HelloWorld.png in Resources */ = {isa = PBXBuildFile; fileRef = 1AFAF8BB16D35E4900DB1158 /* HelloWorld.png */; };
		1AFCDA8216D4A25900906EA6 /* RootViewController.mm in Sources */ = {isa = PBXBuildFile; fileRef = 1AFCDA8116D4A25900906EA6 /* RootViewController.mm */; };
		1D60589F0D05DD5A006BFB54 /* Foundation.framework in Frameworks */ = {isa = PBXBuildFile; fileRef = 1D30AB110D05D00D00671497 /* Foundation.framework */; };
		1DF5F4E00D08C38300B7A737 /* UIKit.framework in Frameworks */ = {isa = PBXBuildFile; fileRef = 1DF5F4DF0D08C38300B7A737 /* UIKit.framework */; };
		288765A50DF7441C002DB57D /* CoreGraphics.framework in Frameworks */ = {isa = PBXBuildFile; fileRef = 288765A40DF7441C002DB57D /* CoreGraphics.framework */; };
		7855E0E1153FEF240059DD9A /* Default.png in Resources */ = {isa = PBXBuildFile; fileRef = 7855E0DF153FEF240059DD9A /* Default.png */; };
		9F1735FA18E7D91B0076E373 /* Images.xcassets in Resources */ = {isa = PBXBuildFile; fileRef = 9F1735F918E7D91A0076E373 /* Images.xcassets */; };
		9F854B3818EC7E9000EDDB8B /* madisonsqgarden_select.png in Resources */ = {isa = PBXBuildFile; fileRef = 9F854B3718EC7E9000EDDB8B /* madisonsqgarden_select.png */; };
		9FD4F9D118E80CAE00C67C9E /* new_york_map.jpg in Resources */ = {isa = PBXBuildFile; fileRef = 9FD4F9D018E80CAE00C67C9E /* new_york_map.jpg */; };
		9FD8D9B718EB23DE00748E3D /* MapViewerScene.cpp in Sources */ = {isa = PBXBuildFile; fileRef = 9FD8D9B518EB23DE00748E3D /* MapViewerScene.cpp */; };
		9FD8D9CC18EB241C00748E3D /* new_york_map_01.png in Resources */ = {isa = PBXBuildFile; fileRef = 9FD8D9B818EB241C00748E3D /* new_york_map_01.png */; };
		9FD8D9CD18EB241C00748E3D /* new_york_map_02.png in Resources */ = {isa = PBXBuildFile; fileRef = 9FD8D9B918EB241C00748E3D /* new_york_map_02.png */; };
		9FD8D9CE18EB241C00748E3D /* new_york_map_03.png in Resources */ = {isa = PBXBuildFile; fileRef = 9FD8D9BA18EB241C00748E3D /* new_york_map_03.png */; };
		9FD8D9CF18EB241C00748E3D /* new_york_map_04.png in Resources */ = {isa = PBXBuildFile; fileRef = 9FD8D9BB18EB241C00748E3D /* new_york_map_04.png */; };
		9FD8D9D018EB241C00748E3D /* new_york_map_05.png in Resources */ = {isa = PBXBuildFile; fileRef = 9FD8D9BC18EB241C00748E3D /* new_york_map_05.png */; };
		9FD8D9D118EB241C00748E3D /* new_york_map_06.png in Resources */ = {isa = PBXBuildFile; fileRef = 9FD8D9BD18EB241C00748E3D /* new_york_map_06.png */; };
		9FD8D9D218EB241C00748E3D /* new_york_map_07.png in Resources */ = {isa = PBXBuildFile; fileRef = 9FD8D9BE18EB241C00748E3D /* new_york_map_07.png */; };
		9FD8D9D318EB241C00748E3D /* new_york_map_08.png in Resources */ = {isa = PBXBuildFile; fileRef = 9FD8D9BF18EB241C00748E3D /* new_york_map_08.png */; };
		9FD8D9D418EB241C00748E3D /* new_york_map_09.png in Resources */ = {isa = PBXBuildFile; fileRef = 9FD8D9C018EB241C00748E3D /* new_york_map_09.png */; };
		9FD8D9D518EB241C00748E3D /* new_york_map_10.png in Resources */ = {isa = PBXBuildFile; fileRef = 9FD8D9C118EB241C00748E3D /* new_york_map_10.png */; };
		9FD8D9D618EB241C00748E3D /* new_york_map_11.png in Resources */ = {isa = PBXBuildFile; fileRef = 9FD8D9C218EB241C00748E3D /* new_york_map_11.png */; };
		9FD8D9D718EB241C00748E3D /* new_york_map_12.png in Resources */ = {isa = PBXBuildFile; fileRef = 9FD8D9C318EB241C00748E3D /* new_york_map_12.png */; };
		9FD8D9D818EB241C00748E3D /* new_york_map_13.png in Resources */ = {isa = PBXBuildFile; fileRef = 9FD8D9C418EB241C00748E3D /* new_york_map_13.png */; };
		9FD8D9D918EB241C00748E3D /* new_york_map_14.png in Resources */ = {isa = PBXBuildFile; fileRef = 9FD8D9C518EB241C00748E3D /* new_york_map_14.png */; };
		9FD8D9DA18EB241C00748E3D /* new_york_map_15.png in Resources */ = {isa = PBXBuildFile; fileRef = 9FD8D9C618EB241C00748E3D /* new_york_map_15.png */; };
		9FD8D9DB18EB241C00748E3D /* new_york_map_16.png in Resources */ = {isa = PBXBuildFile; fileRef = 9FD8D9C718EB241C00748E3D /* new_york_map_16.png */; };
		9FD8D9DC18EB241C00748E3D /* new_york_map_17.png in Resources */ = {isa = PBXBuildFile; fileRef = 9FD8D9C818EB241C00748E3D /* new_york_map_17.png */; };
		9FD8D9DD18EB241C00748E3D /* new_york_map_18.png in Resources */ = {isa = PBXBuildFile; fileRef = 9FD8D9C918EB241C00748E3D /* new_york_map_18.png */; };
		9FD8D9DE18EB241C00748E3D /* new_york_map_19.png in Resources */ = {isa = PBXBuildFile; fileRef = 9FD8D9CA18EB241C00748E3D /* new_york_map_19.png */; };
		9FD8D9DF18EB241C00748E3D /* new_york_map_20.png in Resources */ = {isa = PBXBuildFile; fileRef = 9FD8D9CB18EB241C00748E3D /* new_york_map_20.png */; };
		9FD8D9E218EB242900748E3D /* dialogarrow.png in Resources */ = {isa = PBXBuildFile; fileRef = 9FD8D9E018EB242900748E3D /* dialogarrow.png */; };
		9FD8D9E318EB242900748E3D /* dialogbackground.png in Resources */ = {isa = PBXBuildFile; fileRef = 9FD8D9E118EB242900748E3D /* dialogbackground.png */; };
		9FD8D9E718EB245E00748E3D /* LocationDialog.cpp in Sources */ = {isa = PBXBuildFile; fileRef = 9FD8D9E518EB245E00748E3D /* LocationDialog.cpp */; };
		9FD8DE4918EB256F00748E3D /* CCControl.cpp in Sources */ = {isa = PBXBuildFile; fileRef = 9FD8DD5318EB256F00748E3D /* CCControl.cpp */; };
		9FD8DE4A18EB256F00748E3D /* CCControlButton.cpp in Sources */ = {isa = PBXBuildFile; fileRef = 9FD8DD5518EB256F00748E3D /* CCControlButton.cpp */; };
		9FD8DE4B18EB256F00748E3D /* CCControlColourPicker.cpp in Sources */ = {isa = PBXBuildFile; fileRef = 9FD8DD5718EB256F00748E3D /* CCControlColourPicker.cpp */; };
		9FD8DE4C18EB256F00748E3D /* CCControlHuePicker.cpp in Sources */ = {isa = PBXBuildFile; fileRef = 9FD8DD5A18EB256F00748E3D /* CCControlHuePicker.cpp */; };
		9FD8DE4D18EB256F00748E3D /* CCControlPotentiometer.cpp in Sources */ = {isa = PBXBuildFile; fileRef = 9FD8DD5C18EB256F00748E3D /* CCControlPotentiometer.cpp */; };
		9FD8DE4E18EB256F00748E3D /* CCControlSaturationBrightnessPicker.cpp in Sources */ = {isa = PBXBuildFile; fileRef = 9FD8DD5E18EB256F00748E3D /* CCControlSaturationBrightnessPicker.cpp */; };
		9FD8DE4F18EB256F00748E3D /* CCControlSlider.cpp in Sources */ = {isa = PBXBuildFile; fileRef = 9FD8DD6018EB256F00748E3D /* CCControlSlider.cpp */; };
		9FD8DE5018EB256F00748E3D /* CCControlStepper.cpp in Sources */ = {isa = PBXBuildFile; fileRef = 9FD8DD6218EB256F00748E3D /* CCControlStepper.cpp */; };
		9FD8DE5118EB256F00748E3D /* CCControlSwitch.cpp in Sources */ = {isa = PBXBuildFile; fileRef = 9FD8DD6418EB256F00748E3D /* CCControlSwitch.cpp */; };
		9FD8DE5218EB256F00748E3D /* CCControlUtils.cpp in Sources */ = {isa = PBXBuildFile; fileRef = 9FD8DD6618EB256F00748E3D /* CCControlUtils.cpp */; };
		9FD8DE5318EB256F00748E3D /* CCInvocation.cpp in Sources */ = {isa = PBXBuildFile; fileRef = 9FD8DD6818EB256F00748E3D /* CCInvocation.cpp */; };
		9FD8DE5418EB256F00748E3D /* CCScale9Sprite.cpp in Sources */ = {isa = PBXBuildFile; fileRef = 9FD8DD6A18EB256F00748E3D /* CCScale9Sprite.cpp */; };
		BF171245129291EC00B8313A /* OpenGLES.framework in Frameworks */ = {isa = PBXBuildFile; fileRef = BF170DB012928DE900B8313A /* OpenGLES.framework */; };
		BF1712461292920000B8313A /* libxml2.dylib in Frameworks */ = {isa = PBXBuildFile; fileRef = BF170DB212928DE900B8313A /* libxml2.dylib */; };
		BF1712471292920000B8313A /* libz.dylib in Frameworks */ = {isa = PBXBuildFile; fileRef = BF170DB412928DE900B8313A /* libz.dylib */; };
		BF1C47F01293687400B63C5D /* QuartzCore.framework in Frameworks */ = {isa = PBXBuildFile; fileRef = BF1C47EA1293683800B63C5D /* QuartzCore.framework */; };
		D41A0AD1160F154A004552AE /* Default-568h@2x.png in Resources */ = {isa = PBXBuildFile; fileRef = D41A0AD0160F154A004552AE /* Default-568h@2x.png */; };
		D446FD6E16102124000ADA7B /* Default@2x.png in Resources */ = {isa = PBXBuildFile; fileRef = D446FD6D16102124000ADA7B /* Default@2x.png */; };
		D44C620C132DFF330009C878 /* OpenAL.framework in Frameworks */ = {isa = PBXBuildFile; fileRef = D44C620B132DFF330009C878 /* OpenAL.framework */; };
		D44C620E132DFF430009C878 /* AVFoundation.framework in Frameworks */ = {isa = PBXBuildFile; fileRef = D44C620D132DFF430009C878 /* AVFoundation.framework */; };
		D44C6210132DFF4E0009C878 /* AudioToolbox.framework in Frameworks */ = {isa = PBXBuildFile; fileRef = D44C620F132DFF4E0009C878 /* AudioToolbox.framework */; };
		D4EF949A15BD2D8B00D803EB /* Icon-57.png in Resources */ = {isa = PBXBuildFile; fileRef = D4EF949915BD2D8B00D803EB /* Icon-57.png */; };
		D4EF949C15BD2D8E00D803EB /* Icon-114.png in Resources */ = {isa = PBXBuildFile; fileRef = D4EF949B15BD2D8E00D803EB /* Icon-114.png */; };
		D4EF949E15BD2D9600D803EB /* Icon-72.png in Resources */ = {isa = PBXBuildFile; fileRef = D4EF949D15BD2D9600D803EB /* Icon-72.png */; };
		D4EF94A015BD2D9800D803EB /* Icon-144.png in Resources */ = {isa = PBXBuildFile; fileRef = D4EF949F15BD2D9800D803EB /* Icon-144.png */; };
/* End PBXBuildFile section */

/* Begin PBXContainerItemProxy section */
		15A3D8851682F7B3002FB0C5 /* PBXContainerItemProxy */ = {
			isa = PBXContainerItemProxy;
			containerPortal = 15A3D87E1682F7B3002FB0C5 /* cocos2dx.xcodeproj */;
			proxyType = 2;
			remoteGlobalIDString = 1551A33F158F2AB200E66CFE;
			remoteInfo = cocos2dx;
		};
		15A3DA681682F881002FB0C5 /* PBXContainerItemProxy */ = {
			isa = PBXContainerItemProxy;
			containerPortal = 15A3D87E1682F7B3002FB0C5 /* cocos2dx.xcodeproj */;
			proxyType = 1;
			remoteGlobalIDString = 1551A33E158F2AB200E66CFE;
			remoteInfo = cocos2dx;
		};
/* End PBXContainerItemProxy section */

/* Begin PBXFileReference section */
		15A3D87E1682F7B3002FB0C5 /* cocos2dx.xcodeproj */ = {isa = PBXFileReference; lastKnownFileType = "wrapper.pb-project"; name = cocos2dx.xcodeproj; path = ../../../cocos2dx/proj.ios/cocos2dx.xcodeproj; sourceTree = "<group>"; };
		15A3DA821682F8A6002FB0C5 /* Export.h */ = {isa = PBXFileReference; fileEncoding = 4; lastKnownFileType = sourcecode.c.h; path = Export.h; sourceTree = "<group>"; };
		15A3DA831682F8A6002FB0C5 /* SimpleAudioEngine.h */ = {isa = PBXFileReference; fileEncoding = 4; lastKnownFileType = sourcecode.c.h; path = SimpleAudioEngine.h; sourceTree = "<group>"; };
		15A3DA851682F8A6002FB0C5 /* CDAudioManager.h */ = {isa = PBXFileReference; fileEncoding = 4; lastKnownFileType = sourcecode.c.h; path = CDAudioManager.h; sourceTree = "<group>"; };
		15A3DA861682F8A6002FB0C5 /* CDAudioManager.m */ = {isa = PBXFileReference; fileEncoding = 4; lastKnownFileType = sourcecode.c.objc; path = CDAudioManager.m; sourceTree = "<group>"; };
		15A3DA871682F8A6002FB0C5 /* CDConfig.h */ = {isa = PBXFileReference; fileEncoding = 4; lastKnownFileType = sourcecode.c.h; path = CDConfig.h; sourceTree = "<group>"; };
		15A3DA881682F8A6002FB0C5 /* CDOpenALSupport.h */ = {isa = PBXFileReference; fileEncoding = 4; lastKnownFileType = sourcecode.c.h; path = CDOpenALSupport.h; sourceTree = "<group>"; };
		15A3DA891682F8A6002FB0C5 /* CDOpenALSupport.m */ = {isa = PBXFileReference; fileEncoding = 4; lastKnownFileType = sourcecode.c.objc; path = CDOpenALSupport.m; sourceTree = "<group>"; };
		15A3DA8A1682F8A6002FB0C5 /* CocosDenshion.h */ = {isa = PBXFileReference; fileEncoding = 4; lastKnownFileType = sourcecode.c.h; path = CocosDenshion.h; sourceTree = "<group>"; };
		15A3DA8B1682F8A6002FB0C5 /* CocosDenshion.m */ = {isa = PBXFileReference; fileEncoding = 4; lastKnownFileType = sourcecode.c.objc; path = CocosDenshion.m; sourceTree = "<group>"; };
		15A3DA8C1682F8A6002FB0C5 /* SimpleAudioEngine.mm */ = {isa = PBXFileReference; fileEncoding = 4; lastKnownFileType = sourcecode.cpp.objcpp; path = SimpleAudioEngine.mm; sourceTree = "<group>"; };
		15A3DA8D1682F8A6002FB0C5 /* SimpleAudioEngine_objc.h */ = {isa = PBXFileReference; fileEncoding = 4; lastKnownFileType = sourcecode.c.h; path = SimpleAudioEngine_objc.h; sourceTree = "<group>"; };
		15A3DA8E1682F8A6002FB0C5 /* SimpleAudioEngine_objc.m */ = {isa = PBXFileReference; fileEncoding = 4; lastKnownFileType = sourcecode.c.objc; path = SimpleAudioEngine_objc.m; sourceTree = "<group>"; };
		1AC3624216D4A1E8000847F2 /* AppController.h */ = {isa = PBXFileReference; fileEncoding = 4; lastKnownFileType = sourcecode.c.h; path = AppController.h; sourceTree = SOURCE_ROOT; };
		1AC3624316D4A1E8000847F2 /* AppController.mm */ = {isa = PBXFileReference; fileEncoding = 4; lastKnownFileType = sourcecode.cpp.objcpp; path = AppController.mm; sourceTree = SOURCE_ROOT; };
		1AC3624516D4A1E8000847F2 /* main.m */ = {isa = PBXFileReference; fileEncoding = 4; lastKnownFileType = sourcecode.c.objc; path = main.m; sourceTree = SOURCE_ROOT; };
		1AC3624616D4A1E8000847F2 /* Prefix.pch */ = {isa = PBXFileReference; fileEncoding = 4; lastKnownFileType = sourcecode.c.h; path = Prefix.pch; sourceTree = SOURCE_ROOT; };
		1AFAF8B316D35DE700DB1158 /* AppDelegate.cpp */ = {isa = PBXFileReference; fileEncoding = 4; lastKnownFileType = sourcecode.cpp.cpp; name = AppDelegate.cpp; path = ../Classes/AppDelegate.cpp; sourceTree = "<group>"; };
		1AFAF8B416D35DE700DB1158 /* AppDelegate.h */ = {isa = PBXFileReference; fileEncoding = 4; lastKnownFileType = sourcecode.c.h; name = AppDelegate.h; path = ../Classes/AppDelegate.h; sourceTree = "<group>"; };
		1AFAF8B916D35E4900DB1158 /* CloseNormal.png */ = {isa = PBXFileReference; lastKnownFileType = image.png; path = CloseNormal.png; sourceTree = "<group>"; };
		1AFAF8BA16D35E4900DB1158 /* CloseSelected.png */ = {isa = PBXFileReference; lastKnownFileType = image.png; path = CloseSelected.png; sourceTree = "<group>"; };
		1AFAF8BB16D35E4900DB1158 /* HelloWorld.png */ = {isa = PBXFileReference; lastKnownFileType = image.png; path = HelloWorld.png; sourceTree = "<group>"; };
		1AFCDA8016D4A25900906EA6 /* RootViewController.h */ = {isa = PBXFileReference; fileEncoding = 4; lastKnownFileType = sourcecode.c.h; path = RootViewController.h; sourceTree = SOURCE_ROOT; };
		1AFCDA8116D4A25900906EA6 /* RootViewController.mm */ = {isa = PBXFileReference; fileEncoding = 4; lastKnownFileType = sourcecode.cpp.objcpp; path = RootViewController.mm; sourceTree = SOURCE_ROOT; };
		1D30AB110D05D00D00671497 /* Foundation.framework */ = {isa = PBXFileReference; lastKnownFileType = wrapper.framework; name = Foundation.framework; path = System/Library/Frameworks/Foundation.framework; sourceTree = SDKROOT; };
		1D6058910D05DD3D006BFB54 /* PrettySimpleTest.app */ = {isa = PBXFileReference; explicitFileType = wrapper.application; includeInIndex = 0; path = PrettySimpleTest.app; sourceTree = BUILT_PRODUCTS_DIR; };
		1DF5F4DF0D08C38300B7A737 /* UIKit.framework */ = {isa = PBXFileReference; lastKnownFileType = wrapper.framework; name = UIKit.framework; path = System/Library/Frameworks/UIKit.framework; sourceTree = SDKROOT; };
		288765A40DF7441C002DB57D /* CoreGraphics.framework */ = {isa = PBXFileReference; lastKnownFileType = wrapper.framework; name = CoreGraphics.framework; path = System/Library/Frameworks/CoreGraphics.framework; sourceTree = SDKROOT; };
		7855E0DF153FEF240059DD9A /* Default.png */ = {isa = PBXFileReference; lastKnownFileType = image.png; path = Default.png; sourceTree = SOURCE_ROOT; };
		9F1735F918E7D91A0076E373 /* Images.xcassets */ = {isa = PBXFileReference; lastKnownFileType = folder.assetcatalog; name = Images.xcassets; path = PrettySimpleTest/Images.xcassets; sourceTree = SOURCE_ROOT; };
		9F854B3718EC7E9000EDDB8B /* madisonsqgarden_select.png */ = {isa = PBXFileReference; lastKnownFileType = image.png; path = madisonsqgarden_select.png; sourceTree = "<group>"; };
		9FD4F9D018E80CAE00C67C9E /* new_york_map.jpg */ = {isa = PBXFileReference; lastKnownFileType = image.jpeg; path = new_york_map.jpg; sourceTree = "<group>"; };
		9FD8D9B518EB23DE00748E3D /* MapViewerScene.cpp */ = {isa = PBXFileReference; fileEncoding = 4; lastKnownFileType = sourcecode.cpp.cpp; name = MapViewerScene.cpp; path = ../Classes/MapViewerScene.cpp; sourceTree = "<group>"; };
		9FD8D9B618EB23DE00748E3D /* MapViewerScene.h */ = {isa = PBXFileReference; fileEncoding = 4; lastKnownFileType = sourcecode.c.h; name = MapViewerScene.h; path = ../Classes/MapViewerScene.h; sourceTree = "<group>"; };
		9FD8D9B818EB241C00748E3D /* new_york_map_01.png */ = {isa = PBXFileReference; lastKnownFileType = image.png; path = new_york_map_01.png; sourceTree = "<group>"; };
		9FD8D9B918EB241C00748E3D /* new_york_map_02.png */ = {isa = PBXFileReference; lastKnownFileType = image.png; path = new_york_map_02.png; sourceTree = "<group>"; };
		9FD8D9BA18EB241C00748E3D /* new_york_map_03.png */ = {isa = PBXFileReference; lastKnownFileType = image.png; path = new_york_map_03.png; sourceTree = "<group>"; };
		9FD8D9BB18EB241C00748E3D /* new_york_map_04.png */ = {isa = PBXFileReference; lastKnownFileType = image.png; path = new_york_map_04.png; sourceTree = "<group>"; };
		9FD8D9BC18EB241C00748E3D /* new_york_map_05.png */ = {isa = PBXFileReference; lastKnownFileType = image.png; path = new_york_map_05.png; sourceTree = "<group>"; };
		9FD8D9BD18EB241C00748E3D /* new_york_map_06.png */ = {isa = PBXFileReference; lastKnownFileType = image.png; path = new_york_map_06.png; sourceTree = "<group>"; };
		9FD8D9BE18EB241C00748E3D /* new_york_map_07.png */ = {isa = PBXFileReference; lastKnownFileType = image.png; path = new_york_map_07.png; sourceTree = "<group>"; };
		9FD8D9BF18EB241C00748E3D /* new_york_map_08.png */ = {isa = PBXFileReference; lastKnownFileType = image.png; path = new_york_map_08.png; sourceTree = "<group>"; };
		9FD8D9C018EB241C00748E3D /* new_york_map_09.png */ = {isa = PBXFileReference; lastKnownFileType = image.png; path = new_york_map_09.png; sourceTree = "<group>"; };
		9FD8D9C118EB241C00748E3D /* new_york_map_10.png */ = {isa = PBXFileReference; lastKnownFileType = image.png; path = new_york_map_10.png; sourceTree = "<group>"; };
		9FD8D9C218EB241C00748E3D /* new_york_map_11.png */ = {isa = PBXFileReference; lastKnownFileType = image.png; path = new_york_map_11.png; sourceTree = "<group>"; };
		9FD8D9C318EB241C00748E3D /* new_york_map_12.png */ = {isa = PBXFileReference; lastKnownFileType = image.png; path = new_york_map_12.png; sourceTree = "<group>"; };
		9FD8D9C418EB241C00748E3D /* new_york_map_13.png */ = {isa = PBXFileReference; lastKnownFileType = image.png; path = new_york_map_13.png; sourceTree = "<group>"; };
		9FD8D9C518EB241C00748E3D /* new_york_map_14.png */ = {isa = PBXFileReference; lastKnownFileType = image.png; path = new_york_map_14.png; sourceTree = "<group>"; };
		9FD8D9C618EB241C00748E3D /* new_york_map_15.png */ = {isa = PBXFileReference; lastKnownFileType = image.png; path = new_york_map_15.png; sourceTree = "<group>"; };
		9FD8D9C718EB241C00748E3D /* new_york_map_16.png */ = {isa = PBXFileReference; lastKnownFileType = image.png; path = new_york_map_16.png; sourceTree = "<group>"; };
		9FD8D9C818EB241C00748E3D /* new_york_map_17.png */ = {isa = PBXFileReference; lastKnownFileType = image.png; path = new_york_map_17.png; sourceTree = "<group>"; };
		9FD8D9C918EB241C00748E3D /* new_york_map_18.png */ = {isa = PBXFileReference; lastKnownFileType = image.png; path = new_york_map_18.png; sourceTree = "<group>"; };
		9FD8D9CA18EB241C00748E3D /* new_york_map_19.png */ = {isa = PBXFileReference; lastKnownFileType = image.png; path = new_york_map_19.png; sourceTree = "<group>"; };
		9FD8D9CB18EB241C00748E3D /* new_york_map_20.png */ = {isa = PBXFileReference; lastKnownFileType = image.png; path = new_york_map_20.png; sourceTree = "<group>"; };
		9FD8D9E018EB242900748E3D /* dialogarrow.png */ = {isa = PBXFileReference; lastKnownFileType = image.png; path = dialogarrow.png; sourceTree = "<group>"; };
		9FD8D9E118EB242900748E3D /* dialogbackground.png */ = {isa = PBXFileReference; lastKnownFileType = image.png; path = dialogbackground.png; sourceTree = "<group>"; };
		9FD8D9E418EB245E00748E3D /* AppMacros.h */ = {isa = PBXFileReference; fileEncoding = 4; lastKnownFileType = sourcecode.c.h; name = AppMacros.h; path = ../Classes/AppMacros.h; sourceTree = "<group>"; };
		9FD8D9E518EB245E00748E3D /* LocationDialog.cpp */ = {isa = PBXFileReference; fileEncoding = 4; lastKnownFileType = sourcecode.cpp.cpp; name = LocationDialog.cpp; path = ../Classes/LocationDialog.cpp; sourceTree = "<group>"; };
		9FD8D9E618EB245E00748E3D /* LocationDialog.h */ = {isa = PBXFileReference; fileEncoding = 4; lastKnownFileType = sourcecode.c.h; name = LocationDialog.h; path = ../Classes/LocationDialog.h; sourceTree = "<group>"; };
		9FD8DC8D18EB256E00748E3D /* cocos-ext.h */ = {isa = PBXFileReference; fileEncoding = 4; lastKnownFileType = sourcecode.c.h; path = "cocos-ext.h"; sourceTree = "<group>"; };
		9FD8DD5018EB256F00748E3D /* ExtensionMacros.h */ = {isa = PBXFileReference; fileEncoding = 4; lastKnownFileType = sourcecode.c.h; path = ExtensionMacros.h; sourceTree = "<group>"; };
		9FD8DD5318EB256F00748E3D /* CCControl.cpp */ = {isa = PBXFileReference; fileEncoding = 4; lastKnownFileType = sourcecode.cpp.cpp; path = CCControl.cpp; sourceTree = "<group>"; };
		9FD8DD5418EB256F00748E3D /* CCControl.h */ = {isa = PBXFileReference; fileEncoding = 4; lastKnownFileType = sourcecode.c.h; path = CCControl.h; sourceTree = "<group>"; };
		9FD8DD5518EB256F00748E3D /* CCControlButton.cpp */ = {isa = PBXFileReference; fileEncoding = 4; lastKnownFileType = sourcecode.cpp.cpp; path = CCControlButton.cpp; sourceTree = "<group>"; };
		9FD8DD5618EB256F00748E3D /* CCControlButton.h */ = {isa = PBXFileReference; fileEncoding = 4; lastKnownFileType = sourcecode.c.h; path = CCControlButton.h; sourceTree = "<group>"; };
		9FD8DD5718EB256F00748E3D /* CCControlColourPicker.cpp */ = {isa = PBXFileReference; fileEncoding = 4; lastKnownFileType = sourcecode.cpp.cpp; path = CCControlColourPicker.cpp; sourceTree = "<group>"; };
		9FD8DD5818EB256F00748E3D /* CCControlColourPicker.h */ = {isa = PBXFileReference; fileEncoding = 4; lastKnownFileType = sourcecode.c.h; path = CCControlColourPicker.h; sourceTree = "<group>"; };
		9FD8DD5918EB256F00748E3D /* CCControlExtensions.h */ = {isa = PBXFileReference; fileEncoding = 4; lastKnownFileType = sourcecode.c.h; path = CCControlExtensions.h; sourceTree = "<group>"; };
		9FD8DD5A18EB256F00748E3D /* CCControlHuePicker.cpp */ = {isa = PBXFileReference; fileEncoding = 4; lastKnownFileType = sourcecode.cpp.cpp; path = CCControlHuePicker.cpp; sourceTree = "<group>"; };
		9FD8DD5B18EB256F00748E3D /* CCControlHuePicker.h */ = {isa = PBXFileReference; fileEncoding = 4; lastKnownFileType = sourcecode.c.h; path = CCControlHuePicker.h; sourceTree = "<group>"; };
		9FD8DD5C18EB256F00748E3D /* CCControlPotentiometer.cpp */ = {isa = PBXFileReference; fileEncoding = 4; lastKnownFileType = sourcecode.cpp.cpp; path = CCControlPotentiometer.cpp; sourceTree = "<group>"; };
		9FD8DD5D18EB256F00748E3D /* CCControlPotentiometer.h */ = {isa = PBXFileReference; fileEncoding = 4; lastKnownFileType = sourcecode.c.h; path = CCControlPotentiometer.h; sourceTree = "<group>"; };
		9FD8DD5E18EB256F00748E3D /* CCControlSaturationBrightnessPicker.cpp */ = {isa = PBXFileReference; fileEncoding = 4; lastKnownFileType = sourcecode.cpp.cpp; path = CCControlSaturationBrightnessPicker.cpp; sourceTree = "<group>"; };
		9FD8DD5F18EB256F00748E3D /* CCControlSaturationBrightnessPicker.h */ = {isa = PBXFileReference; fileEncoding = 4; lastKnownFileType = sourcecode.c.h; path = CCControlSaturationBrightnessPicker.h; sourceTree = "<group>"; };
		9FD8DD6018EB256F00748E3D /* CCControlSlider.cpp */ = {isa = PBXFileReference; fileEncoding = 4; lastKnownFileType = sourcecode.cpp.cpp; path = CCControlSlider.cpp; sourceTree = "<group>"; };
		9FD8DD6118EB256F00748E3D /* CCControlSlider.h */ = {isa = PBXFileReference; fileEncoding = 4; lastKnownFileType = sourcecode.c.h; path = CCControlSlider.h; sourceTree = "<group>"; };
		9FD8DD6218EB256F00748E3D /* CCControlStepper.cpp */ = {isa = PBXFileReference; fileEncoding = 4; lastKnownFileType = sourcecode.cpp.cpp; path = CCControlStepper.cpp; sourceTree = "<group>"; };
		9FD8DD6318EB256F00748E3D /* CCControlStepper.h */ = {isa = PBXFileReference; fileEncoding = 4; lastKnownFileType = sourcecode.c.h; path = CCControlStepper.h; sourceTree = "<group>"; };
		9FD8DD6418EB256F00748E3D /* CCControlSwitch.cpp */ = {isa = PBXFileReference; fileEncoding = 4; lastKnownFileType = sourcecode.cpp.cpp; path = CCControlSwitch.cpp; sourceTree = "<group>"; };
		9FD8DD6518EB256F00748E3D /* CCControlSwitch.h */ = {isa = PBXFileReference; fileEncoding = 4; lastKnownFileType = sourcecode.c.h; path = CCControlSwitch.h; sourceTree = "<group>"; };
		9FD8DD6618EB256F00748E3D /* CCControlUtils.cpp */ = {isa = PBXFileReference; fileEncoding = 4; lastKnownFileType = sourcecode.cpp.cpp; path = CCControlUtils.cpp; sourceTree = "<group>"; };
		9FD8DD6718EB256F00748E3D /* CCControlUtils.h */ = {isa = PBXFileReference; fileEncoding = 4; lastKnownFileType = sourcecode.c.h; path = CCControlUtils.h; sourceTree = "<group>"; };
		9FD8DD6818EB256F00748E3D /* CCInvocation.cpp */ = {isa = PBXFileReference; fileEncoding = 4; lastKnownFileType = sourcecode.cpp.cpp; path = CCInvocation.cpp; sourceTree = "<group>"; };
		9FD8DD6918EB256F00748E3D /* CCInvocation.h */ = {isa = PBXFileReference; fileEncoding = 4; lastKnownFileType = sourcecode.c.h; path = CCInvocation.h; sourceTree = "<group>"; };
		9FD8DD6A18EB256F00748E3D /* CCScale9Sprite.cpp */ = {isa = PBXFileReference; fileEncoding = 4; lastKnownFileType = sourcecode.cpp.cpp; path = CCScale9Sprite.cpp; sourceTree = "<group>"; };
		9FD8DD6B18EB256F00748E3D /* CCScale9Sprite.h */ = {isa = PBXFileReference; fileEncoding = 4; lastKnownFileType = sourcecode.c.h; path = CCScale9Sprite.h; sourceTree = "<group>"; };
		BF170DB012928DE900B8313A /* OpenGLES.framework */ = {isa = PBXFileReference; lastKnownFileType = wrapper.framework; name = OpenGLES.framework; path = System/Library/Frameworks/OpenGLES.framework; sourceTree = SDKROOT; };
		BF170DB212928DE900B8313A /* libxml2.dylib */ = {isa = PBXFileReference; lastKnownFileType = "compiled.mach-o.dylib"; name = libxml2.dylib; path = usr/lib/libxml2.dylib; sourceTree = SDKROOT; };
		BF170DB412928DE900B8313A /* libz.dylib */ = {isa = PBXFileReference; lastKnownFileType = "compiled.mach-o.dylib"; name = libz.dylib; path = usr/lib/libz.dylib; sourceTree = SDKROOT; };
		BF1C47EA1293683800B63C5D /* QuartzCore.framework */ = {isa = PBXFileReference; lastKnownFileType = wrapper.framework; name = QuartzCore.framework; path = System/Library/Frameworks/QuartzCore.framework; sourceTree = SDKROOT; };
		D41A0AD0160F154A004552AE /* Default-568h@2x.png */ = {isa = PBXFileReference; lastKnownFileType = image.png; name = "Default-568h@2x.png"; path = "../proj.ios/Default-568h@2x.png"; sourceTree = "<group>"; };
		D446FD6D16102124000ADA7B /* Default@2x.png */ = {isa = PBXFileReference; lastKnownFileType = image.png; name = "Default@2x.png"; path = "../proj.ios/Default@2x.png"; sourceTree = "<group>"; };
		D44C620B132DFF330009C878 /* OpenAL.framework */ = {isa = PBXFileReference; lastKnownFileType = wrapper.framework; name = OpenAL.framework; path = System/Library/Frameworks/OpenAL.framework; sourceTree = SDKROOT; };
		D44C620D132DFF430009C878 /* AVFoundation.framework */ = {isa = PBXFileReference; lastKnownFileType = wrapper.framework; name = AVFoundation.framework; path = System/Library/Frameworks/AVFoundation.framework; sourceTree = SDKROOT; };
		D44C620F132DFF4E0009C878 /* AudioToolbox.framework */ = {isa = PBXFileReference; lastKnownFileType = wrapper.framework; name = AudioToolbox.framework; path = System/Library/Frameworks/AudioToolbox.framework; sourceTree = SDKROOT; };
		D4EF949915BD2D8B00D803EB /* Icon-57.png */ = {isa = PBXFileReference; lastKnownFileType = image.png; name = "Icon-57.png"; path = "../proj.ios/Icon-57.png"; sourceTree = "<group>"; };
		D4EF949B15BD2D8E00D803EB /* Icon-114.png */ = {isa = PBXFileReference; lastKnownFileType = image.png; name = "Icon-114.png"; path = "../proj.ios/Icon-114.png"; sourceTree = "<group>"; };
		D4EF949D15BD2D9600D803EB /* Icon-72.png */ = {isa = PBXFileReference; lastKnownFileType = image.png; name = "Icon-72.png"; path = "../proj.ios/Icon-72.png"; sourceTree = "<group>"; };
		D4EF949F15BD2D9800D803EB /* Icon-144.png */ = {isa = PBXFileReference; lastKnownFileType = image.png; name = "Icon-144.png"; path = "../proj.ios/Icon-144.png"; sourceTree = "<group>"; };
		D4F9F37B12E54555005CA6D2 /* Info.plist */ = {isa = PBXFileReference; fileEncoding = 4; lastKnownFileType = text.plist.xml; path = Info.plist; sourceTree = SOURCE_ROOT; };
/* End PBXFileReference section */

/* Begin PBXFrameworksBuildPhase section */
		1D60588F0D05DD3D006BFB54 /* Frameworks */ = {
			isa = PBXFrameworksBuildPhase;
			buildActionMask = 2147483647;
			files = (
				15A3DA6A1682F886002FB0C5 /* libcocos2dx.a in Frameworks */,
				1D60589F0D05DD5A006BFB54 /* Foundation.framework in Frameworks */,
				1DF5F4E00D08C38300B7A737 /* UIKit.framework in Frameworks */,
				288765A50DF7441C002DB57D /* CoreGraphics.framework in Frameworks */,
				BF171245129291EC00B8313A /* OpenGLES.framework in Frameworks */,
				BF1712461292920000B8313A /* libxml2.dylib in Frameworks */,
				BF1712471292920000B8313A /* libz.dylib in Frameworks */,
				BF1C47F01293687400B63C5D /* QuartzCore.framework in Frameworks */,
				D44C620C132DFF330009C878 /* OpenAL.framework in Frameworks */,
				D44C620E132DFF430009C878 /* AVFoundation.framework in Frameworks */,
				D44C6210132DFF4E0009C878 /* AudioToolbox.framework in Frameworks */,
			);
			runOnlyForDeploymentPostprocessing = 0;
		};
/* End PBXFrameworksBuildPhase section */

/* Begin PBXGroup section */
		080E96DDFE201D6D7F000001 /* ios */ = {
			isa = PBXGroup;
			children = (
				1AC3624216D4A1E8000847F2 /* AppController.h */,
				1AC3624316D4A1E8000847F2 /* AppController.mm */,
				D4F9F37B12E54555005CA6D2 /* Info.plist */,
				1AC3624516D4A1E8000847F2 /* main.m */,
				1AC3624616D4A1E8000847F2 /* Prefix.pch */,
				1AFCDA8016D4A25900906EA6 /* RootViewController.h */,
				1AFCDA8116D4A25900906EA6 /* RootViewController.mm */,
			);
			name = ios;
			path = Classes;
			sourceTree = "<group>";
		};
		15A3D87F1682F7B3002FB0C5 /* Products */ = {
			isa = PBXGroup;
			children = (
				15A3D8861682F7B3002FB0C5 /* libcocos2dx.a */,
			);
			name = Products;
			sourceTree = "<group>";
		};
		15A3DA6B1682F8A6002FB0C5 /* CocosDenshion */ = {
			isa = PBXGroup;
			children = (
				15A3DA811682F8A6002FB0C5 /* include */,
				15A3DA841682F8A6002FB0C5 /* ios */,
			);
			name = CocosDenshion;
			path = ../../../CocosDenshion;
			sourceTree = "<group>";
		};
		15A3DA811682F8A6002FB0C5 /* include */ = {
			isa = PBXGroup;
			children = (
				15A3DA821682F8A6002FB0C5 /* Export.h */,
				15A3DA831682F8A6002FB0C5 /* SimpleAudioEngine.h */,
			);
			path = include;
			sourceTree = "<group>";
		};
		15A3DA841682F8A6002FB0C5 /* ios */ = {
			isa = PBXGroup;
			children = (
				15A3DA851682F8A6002FB0C5 /* CDAudioManager.h */,
				15A3DA861682F8A6002FB0C5 /* CDAudioManager.m */,
				15A3DA871682F8A6002FB0C5 /* CDConfig.h */,
				15A3DA881682F8A6002FB0C5 /* CDOpenALSupport.h */,
				15A3DA891682F8A6002FB0C5 /* CDOpenALSupport.m */,
				15A3DA8A1682F8A6002FB0C5 /* CocosDenshion.h */,
				15A3DA8B1682F8A6002FB0C5 /* CocosDenshion.m */,
				15A3DA8C1682F8A6002FB0C5 /* SimpleAudioEngine.mm */,
				15A3DA8D1682F8A6002FB0C5 /* SimpleAudioEngine_objc.h */,
				15A3DA8E1682F8A6002FB0C5 /* SimpleAudioEngine_objc.m */,
			);
			path = ios;
			sourceTree = "<group>";
		};
		15AA9C4015B7EC450033D6C2 /* Classes */ = {
			isa = PBXGroup;
			children = (
				9FD8D9E418EB245E00748E3D /* AppMacros.h */,
				9FD8D9E518EB245E00748E3D /* LocationDialog.cpp */,
				9FD8D9E618EB245E00748E3D /* LocationDialog.h */,
				9FD8D9B518EB23DE00748E3D /* MapViewerScene.cpp */,
				9FD8D9B618EB23DE00748E3D /* MapViewerScene.h */,
				1AFAF8B316D35DE700DB1158 /* AppDelegate.cpp */,
				1AFAF8B416D35DE700DB1158 /* AppDelegate.h */,
			);
			name = Classes;
			path = ../classes;
			sourceTree = "<group>";
		};
		19C28FACFE9D520D11CA2CBB /* Products */ = {
			isa = PBXGroup;
			children = (
				1D6058910D05DD3D006BFB54 /* PrettySimpleTest.app */,
			);
			name = Products;
			sourceTree = "<group>";
		};
		29B97314FDCFA39411CA2CEA /* CustomTemplate */ = {
			isa = PBXGroup;
			children = (
				15A3D87E1682F7B3002FB0C5 /* cocos2dx.xcodeproj */,
				15AA9C4015B7EC450033D6C2 /* Classes */,
				15A3DA6B1682F8A6002FB0C5 /* CocosDenshion */,
				9FD8DC5318EB256E00748E3D /* extensions */,
				29B97323FDCFA39411CA2CEA /* Frameworks */,
				080E96DDFE201D6D7F000001 /* ios */,
				19C28FACFE9D520D11CA2CBB /* Products */,
				78C7DDAA14EBA5050085D0C2 /* Resources */,
			);
			name = CustomTemplate;
			sourceTree = "<group>";
		};
		29B97323FDCFA39411CA2CEA /* Frameworks */ = {
			isa = PBXGroup;
			children = (
				BF170DB212928DE900B8313A /* libxml2.dylib */,
				BF170DB412928DE900B8313A /* libz.dylib */,
				D44C620F132DFF4E0009C878 /* AudioToolbox.framework */,
				D44C620D132DFF430009C878 /* AVFoundation.framework */,
				288765A40DF7441C002DB57D /* CoreGraphics.framework */,
				1D30AB110D05D00D00671497 /* Foundation.framework */,
				D44C620B132DFF330009C878 /* OpenAL.framework */,
				BF170DB012928DE900B8313A /* OpenGLES.framework */,
				BF1C47EA1293683800B63C5D /* QuartzCore.framework */,
				1DF5F4DF0D08C38300B7A737 /* UIKit.framework */,
			);
			name = Frameworks;
			sourceTree = "<group>";
		};
		78C7DDAA14EBA5050085D0C2 /* Resources */ = {
			isa = PBXGroup;
			children = (
				9F1735F918E7D91A0076E373 /* Images.xcassets */,
				9F854B3718EC7E9000EDDB8B /* madisonsqgarden_select.png */,
				9FD8D9E018EB242900748E3D /* dialogarrow.png */,
				9FD8D9E118EB242900748E3D /* dialogbackground.png */,
				9FD8D9B818EB241C00748E3D /* new_york_map_01.png */,
				9FD8D9B918EB241C00748E3D /* new_york_map_02.png */,
				9FD8D9BA18EB241C00748E3D /* new_york_map_03.png */,
				9FD8D9BB18EB241C00748E3D /* new_york_map_04.png */,
				9FD8D9BC18EB241C00748E3D /* new_york_map_05.png */,
				9FD8D9BD18EB241C00748E3D /* new_york_map_06.png */,
				9FD8D9BE18EB241C00748E3D /* new_york_map_07.png */,
				9FD8D9BF18EB241C00748E3D /* new_york_map_08.png */,
				9FD8D9C018EB241C00748E3D /* new_york_map_09.png */,
				9FD8D9C118EB241C00748E3D /* new_york_map_10.png */,
				9FD8D9C218EB241C00748E3D /* new_york_map_11.png */,
				9FD8D9C318EB241C00748E3D /* new_york_map_12.png */,
				9FD8D9C418EB241C00748E3D /* new_york_map_13.png */,
				9FD8D9C518EB241C00748E3D /* new_york_map_14.png */,
				9FD8D9C618EB241C00748E3D /* new_york_map_15.png */,
				9FD8D9C718EB241C00748E3D /* new_york_map_16.png */,
				9FD8D9C818EB241C00748E3D /* new_york_map_17.png */,
				9FD8D9C918EB241C00748E3D /* new_york_map_18.png */,
				9FD8D9CA18EB241C00748E3D /* new_york_map_19.png */,
				9FD8D9CB18EB241C00748E3D /* new_york_map_20.png */,
				9FD4F9D018E80CAE00C67C9E /* new_york_map.jpg */,
				1AFAF8B916D35E4900DB1158 /* CloseNormal.png */,
				7855E0DF153FEF240059DD9A /* Default.png */,
				1AFAF8BA16D35E4900DB1158 /* CloseSelected.png */,
				1AFAF8BB16D35E4900DB1158 /* HelloWorld.png */,
				D41A0AD0160F154A004552AE /* Default-568h@2x.png */,
				D446FD6D16102124000ADA7B /* Default@2x.png */,
				D4EF949B15BD2D8E00D803EB /* Icon-114.png */,
				D4EF949F15BD2D9800D803EB /* Icon-144.png */,
				D4EF949915BD2D8B00D803EB /* Icon-57.png */,
				D4EF949D15BD2D9600D803EB /* Icon-72.png */,
			);
			name = Resources;
			path = ../Resources;
			sourceTree = "<group>";
		};
		9FD8DC5318EB256E00748E3D /* extensions */ = {
			isa = PBXGroup;
			children = (
				9FD8DC8D18EB256E00748E3D /* cocos-ext.h */,
				9FD8DD5018EB256F00748E3D /* ExtensionMacros.h */,
				9FD8DD5118EB256F00748E3D /* GUI */,
			);
			name = extensions;
			path = ../../../extensions;
			sourceTree = "<group>";
		};
		9FD8DD5118EB256F00748E3D /* GUI */ = {
			isa = PBXGroup;
			children = (
				9FD8DD5218EB256F00748E3D /* CCControlExtension */,
			);
			path = GUI;
			sourceTree = "<group>";
		};
		9FD8DD5218EB256F00748E3D /* CCControlExtension */ = {
			isa = PBXGroup;
			children = (
				9FD8DD5318EB256F00748E3D /* CCControl.cpp */,
				9FD8DD5418EB256F00748E3D /* CCControl.h */,
				9FD8DD5518EB256F00748E3D /* CCControlButton.cpp */,
				9FD8DD5618EB256F00748E3D /* CCControlButton.h */,
				9FD8DD5718EB256F00748E3D /* CCControlColourPicker.cpp */,
				9FD8DD5818EB256F00748E3D /* CCControlColourPicker.h */,
				9FD8DD5918EB256F00748E3D /* CCControlExtensions.h */,
				9FD8DD5A18EB256F00748E3D /* CCControlHuePicker.cpp */,
				9FD8DD5B18EB256F00748E3D /* CCControlHuePicker.h */,
				9FD8DD5C18EB256F00748E3D /* CCControlPotentiometer.cpp */,
				9FD8DD5D18EB256F00748E3D /* CCControlPotentiometer.h */,
				9FD8DD5E18EB256F00748E3D /* CCControlSaturationBrightnessPicker.cpp */,
				9FD8DD5F18EB256F00748E3D /* CCControlSaturationBrightnessPicker.h */,
				9FD8DD6018EB256F00748E3D /* CCControlSlider.cpp */,
				9FD8DD6118EB256F00748E3D /* CCControlSlider.h */,
				9FD8DD6218EB256F00748E3D /* CCControlStepper.cpp */,
				9FD8DD6318EB256F00748E3D /* CCControlStepper.h */,
				9FD8DD6418EB256F00748E3D /* CCControlSwitch.cpp */,
				9FD8DD6518EB256F00748E3D /* CCControlSwitch.h */,
				9FD8DD6618EB256F00748E3D /* CCControlUtils.cpp */,
				9FD8DD6718EB256F00748E3D /* CCControlUtils.h */,
				9FD8DD6818EB256F00748E3D /* CCInvocation.cpp */,
				9FD8DD6918EB256F00748E3D /* CCInvocation.h */,
				9FD8DD6A18EB256F00748E3D /* CCScale9Sprite.cpp */,
				9FD8DD6B18EB256F00748E3D /* CCScale9Sprite.h */,
			);
			path = CCControlExtension;
			sourceTree = "<group>";
		};
/* End PBXGroup section */

/* Begin PBXNativeTarget section */
		1D6058900D05DD3D006BFB54 /* PrettySimpleTest */ = {
			isa = PBXNativeTarget;
			buildConfigurationList = 1D6058960D05DD3E006BFB54 /* Build configuration list for PBXNativeTarget "PrettySimpleTest" */;
			buildPhases = (
				1D60588D0D05DD3D006BFB54 /* Resources */,
				1D60588E0D05DD3D006BFB54 /* Sources */,
				1D60588F0D05DD3D006BFB54 /* Frameworks */,
			);
			buildRules = (
			);
			dependencies = (
				15A3DA691682F881002FB0C5 /* PBXTargetDependency */,
			);
			name = PrettySimpleTest;
			productName = iphone;
			productReference = 1D6058910D05DD3D006BFB54 /* PrettySimpleTest.app */;
			productType = "com.apple.product-type.application";
		};
/* End PBXNativeTarget section */

/* Begin PBXProject section */
		29B97313FDCFA39411CA2CEA /* Project object */ = {
			isa = PBXProject;
			attributes = {
				LastUpgradeCheck = 0430;
			};
			buildConfigurationList = C01FCF4E08A954540054247B /* Build configuration list for PBXProject "PrettySimpleTest" */;
			compatibilityVersion = "Xcode 3.2";
			developmentRegion = English;
			hasScannedForEncodings = 1;
			knownRegions = (
				English,
				Japanese,
				French,
				German,
			);
			mainGroup = 29B97314FDCFA39411CA2CEA /* CustomTemplate */;
			projectDirPath = "";
			projectReferences = (
				{
					ProductGroup = 15A3D87F1682F7B3002FB0C5 /* Products */;
					ProjectRef = 15A3D87E1682F7B3002FB0C5 /* cocos2dx.xcodeproj */;
				},
			);
			projectRoot = "";
			targets = (
				1D6058900D05DD3D006BFB54 /* PrettySimpleTest */,
			);
		};
/* End PBXProject section */

/* Begin PBXReferenceProxy section */
		15A3D8861682F7B3002FB0C5 /* libcocos2dx.a */ = {
			isa = PBXReferenceProxy;
			fileType = archive.ar;
			path = libcocos2dx.a;
			remoteRef = 15A3D8851682F7B3002FB0C5 /* PBXContainerItemProxy */;
			sourceTree = BUILT_PRODUCTS_DIR;
		};
/* End PBXReferenceProxy section */

/* Begin PBXResourcesBuildPhase section */
		1D60588D0D05DD3D006BFB54 /* Resources */ = {
			isa = PBXResourcesBuildPhase;
			buildActionMask = 2147483647;
			files = (
				7855E0E1153FEF240059DD9A /* Default.png in Resources */,
				D4EF949A15BD2D8B00D803EB /* Icon-57.png in Resources */,
				9FD4F9D118E80CAE00C67C9E /* new_york_map.jpg in Resources */,
				9FD8D9DB18EB241C00748E3D /* new_york_map_16.png in Resources */,
				9FD8D9DC18EB241C00748E3D /* new_york_map_17.png in Resources */,
				9FD8D9D918EB241C00748E3D /* new_york_map_14.png in Resources */,
				9FD8D9CC18EB241C00748E3D /* new_york_map_01.png in Resources */,
				9FD8D9CF18EB241C00748E3D /* new_york_map_04.png in Resources */,
				9FD8D9D418EB241C00748E3D /* new_york_map_09.png in Resources */,
				D4EF949C15BD2D8E00D803EB /* Icon-114.png in Resources */,
				D4EF949E15BD2D9600D803EB /* Icon-72.png in Resources */,
				9FD8D9DD18EB241C00748E3D /* new_york_map_18.png in Resources */,
				9F1735FA18E7D91B0076E373 /* Images.xcassets in Resources */,
				9FD8D9D318EB241C00748E3D /* new_york_map_08.png in Resources */,
				D4EF94A015BD2D9800D803EB /* Icon-144.png in Resources */,
				9FD8D9D718EB241C00748E3D /* new_york_map_12.png in Resources */,
				9FD8D9CE18EB241C00748E3D /* new_york_map_03.png in Resources */,
				9FD8D9E218EB242900748E3D /* dialogarrow.png in Resources */,
				D41A0AD1160F154A004552AE /* Default-568h@2x.png in Resources */,
				9FD8D9DF18EB241C00748E3D /* new_york_map_20.png in Resources */,
				9FD8D9D518EB241C00748E3D /* new_york_map_10.png in Resources */,
				D446FD6E16102124000ADA7B /* Default@2x.png in Resources */,
				1AFAF8BC16D35E4900DB1158 /* CloseNormal.png in Resources */,
				1AFAF8BD16D35E4900DB1158 /* CloseSelected.png in Resources */,
				9FD8D9D118EB241C00748E3D /* new_york_map_06.png in Resources */,
				9FD8D9CD18EB241C00748E3D /* new_york_map_02.png in Resources */,
				9FD8D9DE18EB241C00748E3D /* new_york_map_19.png in Resources */,
				9F854B3818EC7E9000EDDB8B /* madisonsqgarden_select.png in Resources */,
				9FD8D9E318EB242900748E3D /* dialogbackground.png in Resources */,
				1AFAF8BE16D35E4900DB1158 /* HelloWorld.png in Resources */,
				9FD8D9D818EB241C00748E3D /* new_york_map_13.png in Resources */,
				9FD8D9D218EB241C00748E3D /* new_york_map_07.png in Resources */,
				9FD8D9D618EB241C00748E3D /* new_york_map_11.png in Resources */,
				9FD8D9D018EB241C00748E3D /* new_york_map_05.png in Resources */,
				9FD8D9DA18EB241C00748E3D /* new_york_map_15.png in Resources */,
			);
			runOnlyForDeploymentPostprocessing = 0;
		};
/* End PBXResourcesBuildPhase section */

/* Begin PBXSourcesBuildPhase section */
		1D60588E0D05DD3D006BFB54 /* Sources */ = {
			isa = PBXSourcesBuildPhase;
			buildActionMask = 2147483647;
			files = (
				9FD8DE4D18EB256F00748E3D /* CCControlPotentiometer.cpp in Sources */,
				15A3DAEB1682F8A6002FB0C5 /* CDAudioManager.m in Sources */,
				15A3DAEC1682F8A6002FB0C5 /* CDOpenALSupport.m in Sources */,
				9FD8DE4C18EB256F00748E3D /* CCControlHuePicker.cpp in Sources */,
				9FD8DE4F18EB256F00748E3D /* CCControlSlider.cpp in Sources */,
				15A3DAED1682F8A6002FB0C5 /* CocosDenshion.m in Sources */,
				9FD8DE4E18EB256F00748E3D /* CCControlSaturationBrightnessPicker.cpp in Sources */,
				9FD8DE5118EB256F00748E3D /* CCControlSwitch.cpp in Sources */,
				15A3DAEE1682F8A6002FB0C5 /* SimpleAudioEngine.mm in Sources */,
				9FD8D9E718EB245E00748E3D /* LocationDialog.cpp in Sources */,
				9FD8DE5418EB256F00748E3D /* CCScale9Sprite.cpp in Sources */,
				15A3DAEF1682F8A6002FB0C5 /* SimpleAudioEngine_objc.m in Sources */,
				9FD8DE4918EB256F00748E3D /* CCControl.cpp in Sources */,
				1AFAF8B716D35DE700DB1158 /* AppDelegate.cpp in Sources */,
				9FD8DE5318EB256F00748E3D /* CCInvocation.cpp in Sources */,
				9FD8DE5218EB256F00748E3D /* CCControlUtils.cpp in Sources */,
				9FD8DE4A18EB256F00748E3D /* CCControlButton.cpp in Sources */,
				1AC3624916D4A1E8000847F2 /* AppController.mm in Sources */,
				9FD8D9B718EB23DE00748E3D /* MapViewerScene.cpp in Sources */,
				9FD8DE5018EB256F00748E3D /* CCControlStepper.cpp in Sources */,
				1AC3624B16D4A1E8000847F2 /* main.m in Sources */,
				1AFCDA8216D4A25900906EA6 /* RootViewController.mm in Sources */,
				9FD8DE4B18EB256F00748E3D /* CCControlColourPicker.cpp in Sources */,
			);
			runOnlyForDeploymentPostprocessing = 0;
		};
/* End PBXSourcesBuildPhase section */

/* Begin PBXTargetDependency section */
		15A3DA691682F881002FB0C5 /* PBXTargetDependency */ = {
			isa = PBXTargetDependency;
			name = cocos2dx;
			targetProxy = 15A3DA681682F881002FB0C5 /* PBXContainerItemProxy */;
		};
/* End PBXTargetDependency section */

/* Begin XCBuildConfiguration section */
		1D6058940D05DD3E006BFB54 /* Debug */ = {
			isa = XCBuildConfiguration;
			buildSettings = {
				ALWAYS_SEARCH_USER_PATHS = NO;
				ASSETCATALOG_COMPILER_APPICON_NAME = AppIcon;
				ASSETCATALOG_COMPILER_LAUNCHIMAGE_NAME = LaunchImage;
				CODE_SIGN_IDENTITY = "iPhone Developer";
				"CODE_SIGN_IDENTITY[sdk=iphoneos*]" = "iPhone Developer";
				COPY_PHASE_STRIP = NO;
				GCC_DYNAMIC_NO_PIC = NO;
				GCC_INLINES_ARE_PRIVATE_EXTERN = NO;
				GCC_OPTIMIZATION_LEVEL = 0;
				GCC_PRECOMPILE_PREFIX_HEADER = YES;
				GCC_PREFIX_HEADER = Prefix.pch;
				GCC_PREPROCESSOR_DEFINITIONS = (
					USE_FILE32API,
					CC_TARGET_OS_IPHONE,
					"COCOS2D_DEBUG=1",
					CC_ENABLE_CHIPMUNK_INTEGRATION,
				);
				GCC_SYMBOLS_PRIVATE_EXTERN = NO;
				GCC_VERSION = "";
				HEADER_SEARCH_PATHS = (
					"$(SRCROOT)/../../../CocosDenshion/include",
					"\"$(SRCROOT)/../../../external/chipmunk/include/constraints\"",
					"\"$(SRCROOT)/../../../external/chipmunk/include/chipmunk\"",
					"\"$(SRCROOT)/../../../extensions\"",
					"\"$(SRCROOT)/../../../cocos2dx/kazmath/include\"",
					"\"$(SRCROOT)/../../../external\"",
					"\"$(SRCROOT)/../../../cocos2dx\"",
					"\"$(SRCROOT)/../../../cocos2dx/include\"",
					"\"$(SRCROOT)/../../../cocos2dx/platform/third_party/ios\"",
					"\"$(SRCROOT)/../../../cocos2dx/platform/ios\"",
					"\"$(SRCROOT)/../../../cocos2dx/platform/ios/Simulation\"",
				);
				INFOPLIST_FILE = Info.plist;
				IPHONEOS_DEPLOYMENT_TARGET = 4.0;
				LIBRARY_SEARCH_PATHS = (
					"\"$(SRCROOT)/../../../cocos2dx/platform/third_party/ios/libraries\"",
					"\"$(SRCROOT)/../../../external/libwebsockets/ios/lib\"",
				);
				ONLY_ACTIVE_ARCH = YES;
				OTHER_CFLAGS = "-O2";
				PRODUCT_NAME = PrettySimpleTest;
				PROVISIONING_PROFILE = "";
				"PROVISIONING_PROFILE[sdk=iphoneos*]" = "";
				SDKROOT = iphoneos;
				TARGETED_DEVICE_FAMILY = "1,2";
				USER_HEADER_SEARCH_PATHS = "";
				VALID_ARCHS = "armv7 armv7s i386";
			};
			name = Debug;
		};
		1D6058950D05DD3E006BFB54 /* Release */ = {
			isa = XCBuildConfiguration;
			buildSettings = {
				ALWAYS_SEARCH_USER_PATHS = NO;
				ASSETCATALOG_COMPILER_APPICON_NAME = AppIcon;
				ASSETCATALOG_COMPILER_LAUNCHIMAGE_NAME = LaunchImage;
				CODE_SIGN_IDENTITY = "iPhone Developer";
				"CODE_SIGN_IDENTITY[sdk=iphoneos*]" = "iPhone Developer";
				COPY_PHASE_STRIP = YES;
				GCC_INLINES_ARE_PRIVATE_EXTERN = NO;
				GCC_OPTIMIZATION_LEVEL = 0;
				GCC_PRECOMPILE_PREFIX_HEADER = YES;
				GCC_PREFIX_HEADER = Prefix.pch;
				GCC_PREPROCESSOR_DEFINITIONS = (
					USE_FILE32API,
					CC_TARGET_OS_IPHONE,
					CC_ENABLE_CHIPMUNK_INTEGRATION,
				);
				GCC_SYMBOLS_PRIVATE_EXTERN = NO;
				GCC_VERSION = "";
				HEADER_SEARCH_PATHS = (
					"$(SRCROOT)/../../../CocosDenshion/include",
					"\"$(SRCROOT)/../../../external/chipmunk/include/constraints\"",
					"\"$(SRCROOT)/../../../external/chipmunk/include/chipmunk\"",
					"\"$(SRCROOT)/../../../extensions\"",
					"\"$(SRCROOT)/../../../cocos2dx/kazmath/include\"",
					"\"$(SRCROOT)/../../../external\"",
					"\"$(SRCROOT)/../../../cocos2dx\"",
					"\"$(SRCROOT)/../../../cocos2dx/include\"",
					"\"$(SRCROOT)/../../../cocos2dx/platform/third_party/ios\"",
					"\"$(SRCROOT)/../../../cocos2dx/platform/ios\"",
					"\"$(SRCROOT)/../../../cocos2dx/platform/ios/Simulation\"",
				);
				INFOPLIST_FILE = Info.plist;
				IPHONEOS_DEPLOYMENT_TARGET = 4.0;
				LIBRARY_SEARCH_PATHS = (
					"\"$(SRCROOT)/../../../cocos2dx/platform/third_party/ios/libraries\"",
					"\"$(SRCROOT)/../../../external/libwebsockets/ios/lib\"",
				);
				PRODUCT_NAME = PrettySimpleTest;
				PROVISIONING_PROFILE = "";
				"PROVISIONING_PROFILE[sdk=iphoneos*]" = "";
				SDKROOT = iphoneos;
				TARGETED_DEVICE_FAMILY = "1,2";
				USER_HEADER_SEARCH_PATHS = "";
				VALIDATE_PRODUCT = YES;
				VALID_ARCHS = "armv7 armv7s i386";
			};
			name = Release;
		};
		C01FCF4F08A954540054247B /* Debug */ = {
			isa = XCBuildConfiguration;
			buildSettings = {
				ARCHS = "$(ARCHS_STANDARD_32_BIT)";
				GCC_C_LANGUAGE_STANDARD = c99;
				GCC_VERSION = "";
				GCC_WARN_ABOUT_RETURN_TYPE = YES;
				GCC_WARN_UNUSED_VARIABLE = YES;
				SDKROOT = iphoneos;
				VALID_ARCHS = "armv6 armv7 i386";
			};
			name = Debug;
		};
		C01FCF5008A954540054247B /* Release */ = {
			isa = XCBuildConfiguration;
			buildSettings = {
				ARCHS = "$(ARCHS_STANDARD_32_BIT)";
				GCC_C_LANGUAGE_STANDARD = c99;
				GCC_VERSION = "";
				GCC_WARN_ABOUT_RETURN_TYPE = YES;
				GCC_WARN_UNUSED_VARIABLE = YES;
				OTHER_CFLAGS = "-DNS_BLOCK_ASSERTIONS=1";
				SDKROOT = iphoneos;
				VALID_ARCHS = "armv6 armv7 i386";
			};
			name = Release;
		};
/* End XCBuildConfiguration section */

/* Begin XCConfigurationList section */
		1D6058960D05DD3E006BFB54 /* Build configuration list for PBXNativeTarget "PrettySimpleTest" */ = {
			isa = XCConfigurationList;
			buildConfigurations = (
				1D6058940D05DD3E006BFB54 /* Debug */,
				1D6058950D05DD3E006BFB54 /* Release */,
			);
			defaultConfigurationIsVisible = 0;
			defaultConfigurationName = Debug;
		};
		C01FCF4E08A954540054247B /* Build configuration list for PBXProject "PrettySimpleTest" */ = {
			isa = XCConfigurationList;
			buildConfigurations = (
				C01FCF4F08A954540054247B /* Debug */,
				C01FCF5008A954540054247B /* Release */,
			);
			defaultConfigurationIsVisible = 0;
			defaultConfigurationName = Debug;
		};
/* End XCConfigurationList section */
	};
	rootObject = 29B97313FDCFA39411CA2CEA /* Project object */;
}
